// !$*UTF8*$!
{
	archiveVersion = 1;
	classes = {
	};
	objectVersion = 46;
	objects = {

/* Begin PBXBuildFile section */
		57BA5CB017B9C6A7005EC73E /* MTLoginView.m in Sources */ = {isa = PBXBuildFile; fileRef = 57BA5CAF17B9C6A7005EC73E /* MTLoginView.m */; };
		57BA5CB217B9C6C1005EC73E /* MTLoginView.xib in Resources */ = {isa = PBXBuildFile; fileRef = 57BA5CB117B9C6C1005EC73E /* MTLoginView.xib */; };
		57BA5CB617B9C89B005EC73E /* MTAppSettings.m in Sources */ = {isa = PBXBuildFile; fileRef = 57BA5CB517B9C89B005EC73E /* MTAppSettings.m */; };
		57BA5CC517B9CCE6005EC73E /* MTSettingsViewController.m in Sources */ = {isa = PBXBuildFile; fileRef = 57BA5CC317B9CCE6005EC73E /* MTSettingsViewController.m */; };
		57BA5CC617B9CCE6005EC73E /* MTSettingsViewController.xib in Resources */ = {isa = PBXBuildFile; fileRef = 57BA5CC417B9CCE6005EC73E /* MTSettingsViewController.xib */; };
		57BA5CC917B9D114005EC73E /* MTProjectPrefix.m in Sources */ = {isa = PBXBuildFile; fileRef = 57BA5CC817B9D114005EC73E /* MTProjectPrefix.m */; };
		57BA5CCC17B9D17D005EC73E /* UIView+MT.m in Sources */ = {isa = PBXBuildFile; fileRef = 57BA5CCB17B9D17D005EC73E /* UIView+MT.m */; };
		57BA5CD017B9D273005EC73E /* MTFeebackViewController.m in Sources */ = {isa = PBXBuildFile; fileRef = 57BA5CCE17B9D273005EC73E /* MTFeebackViewController.m */; };
		57BA5CD117B9D273005EC73E /* MTFeebackViewController.xib in Resources */ = {isa = PBXBuildFile; fileRef = 57BA5CCF17B9D273005EC73E /* MTFeebackViewController.xib */; };
		57BA5CD517BA097B005EC73E /* MTParkViewController.m in Sources */ = {isa = PBXBuildFile; fileRef = 57BA5CD317BA097B005EC73E /* MTParkViewController.m */; };
		57BA5CD617BA097B005EC73E /* MTParkViewController.xib in Resources */ = {isa = PBXBuildFile; fileRef = 57BA5CD417BA097B005EC73E /* MTParkViewController.xib */; };
		C9D16A4417B9110900E161C7 /* UIKit.framework in Frameworks */ = {isa = PBXBuildFile; fileRef = C9D16A4317B9110900E161C7 /* UIKit.framework */; };
		C9D16A4617B9110900E161C7 /* Foundation.framework in Frameworks */ = {isa = PBXBuildFile; fileRef = C9D16A4517B9110900E161C7 /* Foundation.framework */; };
		C9D16A4817B9110900E161C7 /* CoreGraphics.framework in Frameworks */ = {isa = PBXBuildFile; fileRef = C9D16A4717B9110900E161C7 /* CoreGraphics.framework */; };
		C9D16A4E17B9110900E161C7 /* InfoPlist.strings in Resources */ = {isa = PBXBuildFile; fileRef = C9D16A4C17B9110900E161C7 /* InfoPlist.strings */; };
		C9D16A5017B9110900E161C7 /* main.m in Sources */ = {isa = PBXBuildFile; fileRef = C9D16A4F17B9110900E161C7 /* main.m */; };
		C9D16A7717B9296800E161C7 /* MTAppDelegate.m in Sources */ = {isa = PBXBuildFile; fileRef = C9D16A6C17B9296800E161C7 /* MTAppDelegate.m */; };
		C9D16A7817B9296800E161C7 /* MTViewController.m in Sources */ = {isa = PBXBuildFile; fileRef = C9D16A6E17B9296800E161C7 /* MTViewController.m */; };
		C9D16A7A17B9296800E161C7 /* MTViewController.xib in Resources */ = {isa = PBXBuildFile; fileRef = C9D16A7017B9296800E161C7 /* MTViewController.xib */; };
		C9D16A7B17B9296800E161C7 /* Default-568h@2x.png in Resources */ = {isa = PBXBuildFile; fileRef = C9D16A7317B9296800E161C7 /* Default-568h@2x.png */; };
		C9D16A7C17B9296800E161C7 /* Default.png in Resources */ = {isa = PBXBuildFile; fileRef = C9D16A7417B9296800E161C7 /* Default.png */; };
		C9D16A7D17B9296800E161C7 /* Default@2x.png in Resources */ = {isa = PBXBuildFile; fileRef = C9D16A7517B9296800E161C7 /* Default@2x.png */; };
/* End PBXBuildFile section */

/* Begin PBXFileReference section */
		57BA5CAE17B9C6A7005EC73E /* MTLoginView.h */ = {isa = PBXFileReference; fileEncoding = 4; lastKnownFileType = sourcecode.c.h; path = MTLoginView.h; sourceTree = "<group>"; };
		57BA5CAF17B9C6A7005EC73E /* MTLoginView.m */ = {isa = PBXFileReference; fileEncoding = 4; lastKnownFileType = sourcecode.c.objc; path = MTLoginView.m; sourceTree = "<group>"; };
		57BA5CB117B9C6C1005EC73E /* MTLoginView.xib */ = {isa = PBXFileReference; fileEncoding = 4; lastKnownFileType = file.xib; path = MTLoginView.xib; sourceTree = "<group>"; };
		57BA5CB417B9C89B005EC73E /* MTAppSettings.h */ = {isa = PBXFileReference; fileEncoding = 4; lastKnownFileType = sourcecode.c.h; path = MTAppSettings.h; sourceTree = "<group>"; };
		57BA5CB517B9C89B005EC73E /* MTAppSettings.m */ = {isa = PBXFileReference; fileEncoding = 4; lastKnownFileType = sourcecode.c.objc; path = MTAppSettings.m; sourceTree = "<group>"; };
		57BA5CC217B9CCE6005EC73E /* MTSettingsViewController.h */ = {isa = PBXFileReference; fileEncoding = 4; lastKnownFileType = sourcecode.c.h; path = MTSettingsViewController.h; sourceTree = "<group>"; };
		57BA5CC317B9CCE6005EC73E /* MTSettingsViewController.m */ = {isa = PBXFileReference; fileEncoding = 4; lastKnownFileType = sourcecode.c.objc; path = MTSettingsViewController.m; sourceTree = "<group>"; };
		57BA5CC417B9CCE6005EC73E /* MTSettingsViewController.xib */ = {isa = PBXFileReference; fileEncoding = 4; lastKnownFileType = file.xib; path = MTSettingsViewController.xib; sourceTree = "<group>"; };
		57BA5CC717B9D114005EC73E /* MTProjectPrefix.h */ = {isa = PBXFileReference; fileEncoding = 4; lastKnownFileType = sourcecode.c.h; path = MTProjectPrefix.h; sourceTree = "<group>"; };
		57BA5CC817B9D114005EC73E /* MTProjectPrefix.m */ = {isa = PBXFileReference; fileEncoding = 4; lastKnownFileType = sourcecode.c.objc; path = MTProjectPrefix.m; sourceTree = "<group>"; };
		57BA5CCA17B9D17D005EC73E /* UIView+MT.h */ = {isa = PBXFileReference; fileEncoding = 4; lastKnownFileType = sourcecode.c.h; path = "UIView+MT.h"; sourceTree = "<group>"; };
		57BA5CCB17B9D17D005EC73E /* UIView+MT.m */ = {isa = PBXFileReference; fileEncoding = 4; lastKnownFileType = sourcecode.c.objc; path = "UIView+MT.m"; sourceTree = "<group>"; };
		57BA5CCD17B9D273005EC73E /* MTFeebackViewController.h */ = {isa = PBXFileReference; fileEncoding = 4; lastKnownFileType = sourcecode.c.h; path = MTFeebackViewController.h; sourceTree = "<group>"; };
		57BA5CCE17B9D273005EC73E /* MTFeebackViewController.m */ = {isa = PBXFileReference; fileEncoding = 4; lastKnownFileType = sourcecode.c.objc; path = MTFeebackViewController.m; sourceTree = "<group>"; };
		57BA5CCF17B9D273005EC73E /* MTFeebackViewController.xib */ = {isa = PBXFileReference; fileEncoding = 4; lastKnownFileType = file.xib; path = MTFeebackViewController.xib; sourceTree = "<group>"; };
		57BA5CD217BA097B005EC73E /* MTParkViewController.h */ = {isa = PBXFileReference; fileEncoding = 4; lastKnownFileType = sourcecode.c.h; path = MTParkViewController.h; sourceTree = "<group>"; };
		57BA5CD317BA097B005EC73E /* MTParkViewController.m */ = {isa = PBXFileReference; fileEncoding = 4; lastKnownFileType = sourcecode.c.objc; path = MTParkViewController.m; sourceTree = "<group>"; };
		57BA5CD417BA097B005EC73E /* MTParkViewController.xib */ = {isa = PBXFileReference; fileEncoding = 4; lastKnownFileType = file.xib; path = MTParkViewController.xib; sourceTree = "<group>"; };
		C9D16A4017B9110900E161C7 /* Multe App.app */ = {isa = PBXFileReference; explicitFileType = wrapper.application; includeInIndex = 0; path = "Multe App.app"; sourceTree = BUILT_PRODUCTS_DIR; };
		C9D16A4317B9110900E161C7 /* UIKit.framework */ = {isa = PBXFileReference; lastKnownFileType = wrapper.framework; name = UIKit.framework; path = System/Library/Frameworks/UIKit.framework; sourceTree = SDKROOT; };
		C9D16A4517B9110900E161C7 /* Foundation.framework */ = {isa = PBXFileReference; lastKnownFileType = wrapper.framework; name = Foundation.framework; path = System/Library/Frameworks/Foundation.framework; sourceTree = SDKROOT; };
		C9D16A4717B9110900E161C7 /* CoreGraphics.framework */ = {isa = PBXFileReference; lastKnownFileType = wrapper.framework; name = CoreGraphics.framework; path = System/Library/Frameworks/CoreGraphics.framework; sourceTree = SDKROOT; };
		C9D16A4B17B9110900E161C7 /* Multe App-Info.plist */ = {isa = PBXFileReference; lastKnownFileType = text.plist.xml; path = "Multe App-Info.plist"; sourceTree = "<group>"; };
		C9D16A4D17B9110900E161C7 /* en */ = {isa = PBXFileReference; lastKnownFileType = text.plist.strings; name = en; path = en.lproj/InfoPlist.strings; sourceTree = "<group>"; };
		C9D16A4F17B9110900E161C7 /* main.m */ = {isa = PBXFileReference; lastKnownFileType = sourcecode.c.objc; path = main.m; sourceTree = "<group>"; };
		C9D16A5117B9110900E161C7 /* Multe App-Prefix.pch */ = {isa = PBXFileReference; lastKnownFileType = sourcecode.c.h; path = "Multe App-Prefix.pch"; sourceTree = "<group>"; };
		C9D16A6B17B9296800E161C7 /* MTAppDelegate.h */ = {isa = PBXFileReference; fileEncoding = 4; lastKnownFileType = sourcecode.c.h; path = MTAppDelegate.h; sourceTree = "<group>"; };
		C9D16A6C17B9296800E161C7 /* MTAppDelegate.m */ = {isa = PBXFileReference; fileEncoding = 4; lastKnownFileType = sourcecode.c.objc; path = MTAppDelegate.m; sourceTree = "<group>"; };
		C9D16A6D17B9296800E161C7 /* MTViewController.h */ = {isa = PBXFileReference; fileEncoding = 4; lastKnownFileType = sourcecode.c.h; path = MTViewController.h; sourceTree = "<group>"; };
		C9D16A6E17B9296800E161C7 /* MTViewController.m */ = {isa = PBXFileReference; fileEncoding = 4; lastKnownFileType = sourcecode.c.objc; path = MTViewController.m; sourceTree = "<group>"; };
		C9D16A7017B9296800E161C7 /* MTViewController.xib */ = {isa = PBXFileReference; fileEncoding = 4; lastKnownFileType = file.xib; path = MTViewController.xib; sourceTree = "<group>"; };
		C9D16A7317B9296800E161C7 /* Default-568h@2x.png */ = {isa = PBXFileReference; lastKnownFileType = image.png; path = "Default-568h@2x.png"; sourceTree = "<group>"; };
		C9D16A7417B9296800E161C7 /* Default.png */ = {isa = PBXFileReference; lastKnownFileType = image.png; path = Default.png; sourceTree = "<group>"; };
		C9D16A7517B9296800E161C7 /* Default@2x.png */ = {isa = PBXFileReference; lastKnownFileType = image.png; path = "Default@2x.png"; sourceTree = "<group>"; };
/* End PBXFileReference section */

/* Begin PBXFrameworksBuildPhase section */
		C9D16A3D17B9110900E161C7 /* Frameworks */ = {
			isa = PBXFrameworksBuildPhase;
			buildActionMask = 2147483647;
			files = (
				C9D16A4417B9110900E161C7 /* UIKit.framework in Frameworks */,
				C9D16A4617B9110900E161C7 /* Foundation.framework in Frameworks */,
				C9D16A4817B9110900E161C7 /* CoreGraphics.framework in Frameworks */,
			);
			runOnlyForDeploymentPostprocessing = 0;
		};
/* End PBXFrameworksBuildPhase section */

/* Begin PBXGroup section */
		57BA5CA917B9C675005EC73E /* Models */ = {
			isa = PBXGroup;
			children = (
			);
			path = Models;
			sourceTree = "<group>";
		};
		57BA5CAA17B9C675005EC73E /* Network */ = {
			isa = PBXGroup;
			children = (
			);
			path = Network;
			sourceTree = "<group>";
		};
		57BA5CAB17B9C675005EC73E /* ViewControllers */ = {
			isa = PBXGroup;
			children = (
				57BA5CC017B9CC7A005EC73E /* Park Manage */,
				57BA5CBF17B9CC7A005EC73E /* Nofication Feedback */,
				57BA5CC117B9CC7A005EC73E /* Settings */,
			);
			path = ViewControllers;
			sourceTree = "<group>";
		};
		57BA5CAC17B9C675005EC73E /* Views */ = {
			isa = PBXGroup;
			children = (
				57BA5CAD17B9C696005EC73E /* Login */,
			);
			path = Views;
			sourceTree = "<group>";
		};
		57BA5CAD17B9C696005EC73E /* Login */ = {
			isa = PBXGroup;
			children = (
				57BA5CAE17B9C6A7005EC73E /* MTLoginView.h */,
				57BA5CAF17B9C6A7005EC73E /* MTLoginView.m */,
				57BA5CB117B9C6C1005EC73E /* MTLoginView.xib */,
			);
			path = Login;
			sourceTree = "<group>";
		};
		57BA5CB317B9C87A005EC73E /* Utilities */ = {
			isa = PBXGroup;
			children = (
				57BA5CB417B9C89B005EC73E /* MTAppSettings.h */,
				57BA5CB517B9C89B005EC73E /* MTAppSettings.m */,
			);
			name = Utilities;
			path = "Multe App/Classes/Utilities";
			sourceTree = SOURCE_ROOT;
		};
		57BA5CB717B9C8DA005EC73E /* MTFrameworks */ = {
			isa = PBXGroup;
			children = (
				57BA5CCA17B9D17D005EC73E /* UIView+MT.h */,
				57BA5CCB17B9D17D005EC73E /* UIView+MT.m */,
				57BA5CC717B9D114005EC73E /* MTProjectPrefix.h */,
				57BA5CC817B9D114005EC73E /* MTProjectPrefix.m */,
			);
			path = MTFrameworks;
			sourceTree = "<group>";
		};
		57BA5CBF17B9CC7A005EC73E /* Nofication Feedback */ = {
			isa = PBXGroup;
			children = (
				57BA5CCD17B9D273005EC73E /* MTFeebackViewController.h */,
				57BA5CCE17B9D273005EC73E /* MTFeebackViewController.m */,
				57BA5CCF17B9D273005EC73E /* MTFeebackViewController.xib */,
			);
			path = "Nofication Feedback";
			sourceTree = "<group>";
		};
		57BA5CC017B9CC7A005EC73E /* Park Manage */ = {
			isa = PBXGroup;
			children = (
				57BA5CD217BA097B005EC73E /* MTParkViewController.h */,
				57BA5CD317BA097B005EC73E /* MTParkViewController.m */,
				57BA5CD417BA097B005EC73E /* MTParkViewController.xib */,
			);
			path = "Park Manage";
			sourceTree = "<group>";
		};
		57BA5CC117B9CC7A005EC73E /* Settings */ = {
			isa = PBXGroup;
			children = (
				57BA5CC217B9CCE6005EC73E /* MTSettingsViewController.h */,
				57BA5CC317B9CCE6005EC73E /* MTSettingsViewController.m */,
				57BA5CC417B9CCE6005EC73E /* MTSettingsViewController.xib */,
			);
			path = Settings;
			sourceTree = "<group>";
		};
		C9D16A3717B9110900E161C7 = {
			isa = PBXGroup;
			children = (
				C9D16A4917B9110900E161C7 /* Multe App */,
				C9D16A4217B9110900E161C7 /* Frameworks */,
				C9D16A4117B9110900E161C7 /* Products */,
			);
			sourceTree = "<group>";
		};
		C9D16A4117B9110900E161C7 /* Products */ = {
			isa = PBXGroup;
			children = (
				C9D16A4017B9110900E161C7 /* Multe App.app */,
			);
			name = Products;
			sourceTree = "<group>";
		};
		C9D16A4217B9110900E161C7 /* Frameworks */ = {
			isa = PBXGroup;
			children = (
				C9D16A4317B9110900E161C7 /* UIKit.framework */,
				C9D16A4517B9110900E161C7 /* Foundation.framework */,
				C9D16A4717B9110900E161C7 /* CoreGraphics.framework */,
			);
			name = Frameworks;
			sourceTree = "<group>";
		};
		C9D16A4917B9110900E161C7 /* Multe App */ = {
			isa = PBXGroup;
			children = (
				C9D16A6917B9296800E161C7 /* Classes */,
				57BA5CB717B9C8DA005EC73E /* MTFrameworks */,
				C9D16A7117B9296800E161C7 /* Resources */,
				C9D16A4A17B9110900E161C7 /* Supporting Files */,
			);
			path = "Multe App";
			sourceTree = "<group>";
		};
		C9D16A4A17B9110900E161C7 /* Supporting Files */ = {
			isa = PBXGroup;
			children = (
				C9D16A4B17B9110900E161C7 /* Multe App-Info.plist */,
				C9D16A4C17B9110900E161C7 /* InfoPlist.strings */,
				C9D16A4F17B9110900E161C7 /* main.m */,
				C9D16A5117B9110900E161C7 /* Multe App-Prefix.pch */,
			);
			name = "Supporting Files";
			sourceTree = "<group>";
		};
		C9D16A6917B9296800E161C7 /* Classes */ = {
			isa = PBXGroup;
			children = (
				57BA5CAB17B9C675005EC73E /* ViewControllers */,
				57BA5CAC17B9C675005EC73E /* Views */,
				C9D16A6A17B9296800E161C7 /* Root */,
				57BA5CB317B9C87A005EC73E /* Utilities */,
				57BA5CA917B9C675005EC73E /* Models */,
				57BA5CAA17B9C675005EC73E /* Network */,
			);
			path = Classes;
			sourceTree = "<group>";
		};
		C9D16A6A17B9296800E161C7 /* Root */ = {
			isa = PBXGroup;
			children = (
				C9D16A6B17B9296800E161C7 /* MTAppDelegate.h */,
				C9D16A6C17B9296800E161C7 /* MTAppDelegate.m */,
				C9D16A6D17B9296800E161C7 /* MTViewController.h */,
				C9D16A6E17B9296800E161C7 /* MTViewController.m */,
				C9D16A7017B9296800E161C7 /* MTViewController.xib */,
			);
			path = Root;
			sourceTree = "<group>";
		};
		C9D16A7117B9296800E161C7 /* Resources */ = {
			isa = PBXGroup;
			children = (
				C9D16A7217B9296800E161C7 /* App */,
				C9D16A7617B9296800E161C7 /* Images */,
			);
			path = Resources;
			sourceTree = "<group>";
		};
		C9D16A7217B9296800E161C7 /* App */ = {
			isa = PBXGroup;
			children = (
				C9D16A7317B9296800E161C7 /* Default-568h@2x.png */,
				C9D16A7417B9296800E161C7 /* Default.png */,
				C9D16A7517B9296800E161C7 /* Default@2x.png */,
			);
			path = App;
			sourceTree = "<group>";
		};
		C9D16A7617B9296800E161C7 /* Images */ = {
			isa = PBXGroup;
			children = (
			);
			path = Images;
			sourceTree = "<group>";
		};
/* End PBXGroup section */

/* Begin PBXNativeTarget section */
		C9D16A3F17B9110900E161C7 /* Multe App */ = {
			isa = PBXNativeTarget;
			buildConfigurationList = C9D16A6617B9110900E161C7 /* Build configuration list for PBXNativeTarget "Multe App" */;
			buildPhases = (
				C9D16A3C17B9110900E161C7 /* Sources */,
				C9D16A3D17B9110900E161C7 /* Frameworks */,
				C9D16A3E17B9110900E161C7 /* Resources */,
			);
			buildRules = (
			);
			dependencies = (
			);
			name = "Multe App";
			productName = "Multe App";
			productReference = C9D16A4017B9110900E161C7 /* Multe App.app */;
			productType = "com.apple.product-type.application";
		};
/* End PBXNativeTarget section */

/* Begin PBXProject section */
		C9D16A3817B9110900E161C7 /* Project object */ = {
			isa = PBXProject;
			attributes = {
				CLASSPREFIX = MT;
				LastUpgradeCheck = 0460;
			};
			buildConfigurationList = C9D16A3B17B9110900E161C7 /* Build configuration list for PBXProject "Multe App" */;
			compatibilityVersion = "Xcode 3.2";
			developmentRegion = English;
			hasScannedForEncodings = 0;
			knownRegions = (
				en,
			);
			mainGroup = C9D16A3717B9110900E161C7;
			productRefGroup = C9D16A4117B9110900E161C7 /* Products */;
			projectDirPath = "";
			projectRoot = "";
			targets = (
				C9D16A3F17B9110900E161C7 /* Multe App */,
			);
		};
/* End PBXProject section */

/* Begin PBXResourcesBuildPhase section */
		C9D16A3E17B9110900E161C7 /* Resources */ = {
			isa = PBXResourcesBuildPhase;
			buildActionMask = 2147483647;
			files = (
				C9D16A4E17B9110900E161C7 /* InfoPlist.strings in Resources */,
				C9D16A7A17B9296800E161C7 /* MTViewController.xib in Resources */,
				C9D16A7B17B9296800E161C7 /* Default-568h@2x.png in Resources */,
				C9D16A7C17B9296800E161C7 /* Default.png in Resources */,
				C9D16A7D17B9296800E161C7 /* Default@2x.png in Resources */,
				57BA5CB217B9C6C1005EC73E /* MTLoginView.xib in Resources */,
				57BA5CC617B9CCE6005EC73E /* MTSettingsViewController.xib in Resources */,
				57BA5CD117B9D273005EC73E /* MTFeebackViewController.xib in Resources */,
				57BA5CD617BA097B005EC73E /* MTParkViewController.xib in Resources */,
			);
			runOnlyForDeploymentPostprocessing = 0;
		};
/* End PBXResourcesBuildPhase section */

/* Begin PBXSourcesBuildPhase section */
		C9D16A3C17B9110900E161C7 /* Sources */ = {
			isa = PBXSourcesBuildPhase;
			buildActionMask = 2147483647;
			files = (
				C9D16A5017B9110900E161C7 /* main.m in Sources */,
				C9D16A7717B9296800E161C7 /* MTAppDelegate.m in Sources */,
				C9D16A7817B9296800E161C7 /* MTViewController.m in Sources */,
				57BA5CB017B9C6A7005EC73E /* MTLoginView.m in Sources */,
				57BA5CB617B9C89B005EC73E /* MTAppSettings.m in Sources */,
				57BA5CC517B9CCE6005EC73E /* MTSettingsViewController.m in Sources */,
				57BA5CC917B9D114005EC73E /* MTProjectPrefix.m in Sources */,
				57BA5CCC17B9D17D005EC73E /* UIView+MT.m in Sources */,
				57BA5CD017B9D273005EC73E /* MTFeebackViewController.m in Sources */,
				57BA5CD517BA097B005EC73E /* MTParkViewController.m in Sources */,
			);
			runOnlyForDeploymentPostprocessing = 0;
		};
/* End PBXSourcesBuildPhase section */

/* Begin PBXVariantGroup section */
		C9D16A4C17B9110900E161C7 /* InfoPlist.strings */ = {
			isa = PBXVariantGroup;
			children = (
				C9D16A4D17B9110900E161C7 /* en */,
			);
			name = InfoPlist.strings;
			sourceTree = "<group>";
		};
/* End PBXVariantGroup section */

/* Begin XCBuildConfiguration section */
		C9D16A6417B9110900E161C7 /* Debug */ = {
			isa = XCBuildConfiguration;
			buildSettings = {
				ALWAYS_SEARCH_USER_PATHS = NO;
				CLANG_CXX_LANGUAGE_STANDARD = "gnu++0x";
				CLANG_CXX_LIBRARY = "libc++";
				CLANG_ENABLE_OBJC_ARC = YES;
				CLANG_WARN_CONSTANT_CONVERSION = YES;
				CLANG_WARN_EMPTY_BODY = YES;
				CLANG_WARN_ENUM_CONVERSION = YES;
				CLANG_WARN_INT_CONVERSION = YES;
				CLANG_WARN__DUPLICATE_METHOD_MATCH = YES;
				"CODE_SIGN_IDENTITY[sdk=iphoneos*]" = "iPhone Developer";
				COPY_PHASE_STRIP = NO;
				GCC_C_LANGUAGE_STANDARD = gnu99;
				GCC_DYNAMIC_NO_PIC = NO;
				GCC_OPTIMIZATION_LEVEL = 0;
				GCC_PREPROCESSOR_DEFINITIONS = (
					"DEBUG=1",
					"$(inherited)",
				);
				GCC_SYMBOLS_PRIVATE_EXTERN = NO;
				GCC_WARN_ABOUT_RETURN_TYPE = YES;
				GCC_WARN_UNINITIALIZED_AUTOS = YES;
				GCC_WARN_UNUSED_VARIABLE = YES;
				IPHONEOS_DEPLOYMENT_TARGET = 5.0;
				ONLY_ACTIVE_ARCH = YES;
				SDKROOT = iphoneos;
				TARGETED_DEVICE_FAMILY = "1,2";
			};
			name = Debug;
		};
		C9D16A6517B9110900E161C7 /* Release */ = {
			isa = XCBuildConfiguration;
			buildSettings = {
				ALWAYS_SEARCH_USER_PATHS = NO;
				CLANG_CXX_LANGUAGE_STANDARD = "gnu++0x";
				CLANG_CXX_LIBRARY = "libc++";
				CLANG_ENABLE_OBJC_ARC = YES;
				CLANG_WARN_CONSTANT_CONVERSION = YES;
				CLANG_WARN_EMPTY_BODY = YES;
				CLANG_WARN_ENUM_CONVERSION = YES;
				CLANG_WARN_INT_CONVERSION = YES;
				CLANG_WARN__DUPLICATE_METHOD_MATCH = YES;
				"CODE_SIGN_IDENTITY[sdk=iphoneos*]" = "iPhone Developer";
				COPY_PHASE_STRIP = YES;
				GCC_C_LANGUAGE_STANDARD = gnu99;
				GCC_WARN_ABOUT_RETURN_TYPE = YES;
				GCC_WARN_UNINITIALIZED_AUTOS = YES;
				GCC_WARN_UNUSED_VARIABLE = YES;
				IPHONEOS_DEPLOYMENT_TARGET = 5.0;
				OTHER_CFLAGS = "-DNS_BLOCK_ASSERTIONS=1";
				SDKROOT = iphoneos;
				TARGETED_DEVICE_FAMILY = "1,2";
				VALIDATE_PRODUCT = YES;
			};
			name = Release;
		};
		C9D16A6717B9110900E161C7 /* Debug */ = {
			isa = XCBuildConfiguration;
			buildSettings = {
				GCC_PRECOMPILE_PREFIX_HEADER = YES;
				GCC_PREFIX_HEADER = "Multe App/Multe App-Prefix.pch";
				INFOPLIST_FILE = "Multe App/Multe App-Info.plist";
				PRODUCT_NAME = "$(TARGET_NAME)";
				WRAPPER_EXTENSION = app;
			};
			name = Debug;
		};
		C9D16A6817B9110900E161C7 /* Release */ = {
			isa = XCBuildConfiguration;
			buildSettings = {
				GCC_PRECOMPILE_PREFIX_HEADER = YES;
				GCC_PREFIX_HEADER = "Multe App/Multe App-Prefix.pch";
				INFOPLIST_FILE = "Multe App/Multe App-Info.plist";
				PRODUCT_NAME = "$(TARGET_NAME)";
				WRAPPER_EXTENSION = app;
			};
			name = Release;
		};
/* End XCBuildConfiguration section */

/* Begin XCConfigurationList section */
		C9D16A3B17B9110900E161C7 /* Build configuration list for PBXProject "Multe App" */ = {
			isa = XCConfigurationList;
			buildConfigurations = (
				C9D16A6417B9110900E161C7 /* Debug */,
				C9D16A6517B9110900E161C7 /* Release */,
			);
			defaultConfigurationIsVisible = 0;
			defaultConfigurationName = Release;
		};
		C9D16A6617B9110900E161C7 /* Build configuration list for PBXNativeTarget "Multe App" */ = {
			isa = XCConfigurationList;
			buildConfigurations = (
				C9D16A6717B9110900E161C7 /* Debug */,
				C9D16A6817B9110900E161C7 /* Release */,
			);
			defaultConfigurationIsVisible = 0;
			defaultConfigurationName = Release;
		};
/* End XCConfigurationList section */
	};
	rootObject = C9D16A3817B9110900E161C7 /* Project object */;
}
